{
  "lockfileVersion": 1,
  "configVersion": 1,
  "workspaces": {
    "": {
      "name": "nextbook-monorepo",
      "devDependencies": {
        "@biomejs/biome": "2.3.7",
        "@types/bun": "1.3.3",
        "@types/node": "24.10.1",
        "@workspace/typescript-config": "workspace:*",
        "turbo": "2.6.1",
        "typescript": "5.9.3",
      },
    },
    "apps/example": {
      "name": "example",
      "version": "0.0.1",
      "dependencies": {
        "next": "catalog:",
        "nextbook": "workspace:*",
        "react": "catalog:",
        "react-dom": "catalog:",
        "zod": "catalog:",
      },
      "devDependencies": {
        "@playwright/test": "1.52.0",
        "@tailwindcss/postcss": "4.1.10",
        "@types/react": "catalog:",
        "@types/react-dom": "catalog:",
        "@workspace/typescript-config": "workspace:*",
        "tailwindcss": "4.1.10",
        "typescript": "catalog:",
      },
    },
    "packages/nextbook": {
      "name": "nextbook",
      "version": "0.0.1",
      "bin": {
        "nextbook": "./src/cli/index.ts",
      },
      "dependencies": {
        "citty": "0.1.6",
        "clsx": "2.1.1",
        "tailwind-merge": "3.3.1",
      },
      "devDependencies": {
        "@types/react": "catalog:",
        "@types/react-dom": "catalog:",
        "@workspace/typescript-config": "workspace:*",
        "next": "catalog:",
        "react": "catalog:",
        "react-dom": "catalog:",
        "typescript": "catalog:",
        "zod": "catalog:",
      },
      "peerDependencies": {
        "next": ">=15",
        "react": ">=18",
        "react-dom": ">=18",
        "zod": ">=3",
      },
    },
    "packages/typescript-config": {
      "name": "@workspace/typescript-config",
      "version": "0.0.0",
    },
  },
  "catalog": {
    "@types/react": "19.2.2",
    "@types/react-dom": "19.2.2",
    "next": "16.0.1",
    "react": "19.2.0",
    "react-dom": "19.2.0",
    "typescript": "5.9.3",
    "zod": "4.1.12",
  },
  "packages": {
    "@alloc/quick-lru": ["@alloc/quick-lru@5.2.0", "", {}, "sha512-UrcABB+4bUrFABwbluTIBErXwvbsU/V7TZWfmbgJfbkwiBuziS9gxdODUyuiecfdGQ85jglMW6juS3+z5TsKLw=="],

    "@ampproject/remapping": ["@ampproject/remapping@2.3.0", "", { "dependencies": { "@jridgewell/gen-mapping": "^0.3.5", "@jridgewell/trace-mapping": "^0.3.24" } }, "sha512-30iZtAPgz+LTIYoeivqYo853f02jBYSd5uGnGpkFV0M3xOt9aN73erkgYAmZU43x4VfqcnLxW9Kpg3R5LC4YYw=="],

    "@biomejs/biome": ["@biomejs/biome@2.3.7", "", { "optionalDependencies": { "@biomejs/cli-darwin-arm64": "2.3.7", "@biomejs/cli-darwin-x64": "2.3.7", "@biomejs/cli-linux-arm64": "2.3.7", "@biomejs/cli-linux-arm64-musl": "2.3.7", "@biomejs/cli-linux-x64": "2.3.7", "@biomejs/cli-linux-x64-musl": "2.3.7", "@biomejs/cli-win32-arm64": "2.3.7", "@biomejs/cli-win32-x64": "2.3.7" }, "bin": { "biome": "bin/biome" } }, "sha512-CTbAS/jNAiUc6rcq94BrTB8z83O9+BsgWj2sBCQg9rD6Wkh2gjfR87usjx0Ncx0zGXP1NKgT7JNglay5Zfs9jw=="],

    "@biomejs/cli-darwin-arm64": ["@biomejs/cli-darwin-arm64@2.3.7", "", { "os": "darwin", "cpu": "arm64" }, "sha512-LirkamEwzIUULhXcf2D5b+NatXKeqhOwilM+5eRkbrnr6daKz9rsBL0kNZ16Hcy4b8RFq22SG4tcLwM+yx/wFA=="],

    "@biomejs/cli-darwin-x64": ["@biomejs/cli-darwin-x64@2.3.7", "", { "os": "darwin", "cpu": "x64" }, "sha512-Q4TO633kvrMQkKIV7wmf8HXwF0dhdTD9S458LGE24TYgBjSRbuhvio4D5eOQzirEYg6eqxfs53ga/rbdd8nBKg=="],

    "@biomejs/cli-linux-arm64": ["@biomejs/cli-linux-arm64@2.3.7", "", { "os": "linux", "cpu": "arm64" }, "sha512-inHOTdlstUBzgjDcx0ge71U4SVTbwAljmkfi3MC5WzsYCRhancqfeL+sa4Ke6v2ND53WIwCFD5hGsYExoI3EZQ=="],

    "@biomejs/cli-linux-arm64-musl": ["@biomejs/cli-linux-arm64-musl@2.3.7", "", { "os": "linux", "cpu": "arm64" }, "sha512-/afy8lto4CB8scWfMdt+NoCZtatBUF62Tk3ilWH2w8ENd5spLhM77zKlFZEvsKJv9AFNHknMl03zO67CiklL2Q=="],

    "@biomejs/cli-linux-x64": ["@biomejs/cli-linux-x64@2.3.7", "", { "os": "linux", "cpu": "x64" }, "sha512-fJMc3ZEuo/NaMYo5rvoWjdSS5/uVSW+HPRQujucpZqm2ZCq71b8MKJ9U4th9yrv2L5+5NjPF0nqqILCl8HY/fg=="],

    "@biomejs/cli-linux-x64-musl": ["@biomejs/cli-linux-x64-musl@2.3.7", "", { "os": "linux", "cpu": "x64" }, "sha512-CQUtgH1tIN6e5wiYSJqzSwJumHYolNtaj1dwZGCnZXm2PZU1jOJof9TsyiP3bXNDb+VOR7oo7ZvY01If0W3iFQ=="],

    "@biomejs/cli-win32-arm64": ["@biomejs/cli-win32-arm64@2.3.7", "", { "os": "win32", "cpu": "arm64" }, "sha512-aJAE8eCNyRpcfx2JJAtsPtISnELJ0H4xVVSwnxm13bzI8RwbXMyVtxy2r5DV1xT3WiSP+7LxORcApWw0LM8HiA=="],

    "@biomejs/cli-win32-x64": ["@biomejs/cli-win32-x64@2.3.7", "", { "os": "win32", "cpu": "x64" }, "sha512-pulzUshqv9Ed//MiE8MOUeeEkbkSHVDVY5Cz5wVAnH1DUqliCQG3j6s1POaITTFqFfo7AVIx2sWdKpx/GS+Nqw=="],

    "@emnapi/runtime": ["@emnapi/runtime@1.7.1", "", { "dependencies": { "tslib": "^2.4.0" } }, "sha512-PVtJr5CmLwYAU9PZDMITZoR5iAOShYREoR45EyyLrbntV50mdePTgUn4AmOw90Ifcj+x2kRjdzr1HP3RrNiHGA=="],

    "@img/colour": ["@img/colour@1.0.0", "", {}, "sha512-A5P/LfWGFSl6nsckYtjw9da+19jB8hkJ6ACTGcDfEJ0aE+l2n2El7dsVM7UVHZQ9s2lmYMWlrS21YLy2IR1LUw=="],

    "@img/sharp-darwin-arm64": ["@img/sharp-darwin-arm64@0.34.5", "", { "optionalDependencies": { "@img/sharp-libvips-darwin-arm64": "1.2.4" }, "os": "darwin", "cpu": "arm64" }, "sha512-imtQ3WMJXbMY4fxb/Ndp6HBTNVtWCUI0WdobyheGf5+ad6xX8VIDO8u2xE4qc/fr08CKG/7dDseFtn6M6g/r3w=="],

    "@img/sharp-darwin-x64": ["@img/sharp-darwin-x64@0.34.5", "", { "optionalDependencies": { "@img/sharp-libvips-darwin-x64": "1.2.4" }, "os": "darwin", "cpu": "x64" }, "sha512-YNEFAF/4KQ/PeW0N+r+aVVsoIY0/qxxikF2SWdp+NRkmMB7y9LBZAVqQ4yhGCm/H3H270OSykqmQMKLBhBJDEw=="],

    "@img/sharp-libvips-darwin-arm64": ["@img/sharp-libvips-darwin-arm64@1.2.4", "", { "os": "darwin", "cpu": "arm64" }, "sha512-zqjjo7RatFfFoP0MkQ51jfuFZBnVE2pRiaydKJ1G/rHZvnsrHAOcQALIi9sA5co5xenQdTugCvtb1cuf78Vf4g=="],

    "@img/sharp-libvips-darwin-x64": ["@img/sharp-libvips-darwin-x64@1.2.4", "", { "os": "darwin", "cpu": "x64" }, "sha512-1IOd5xfVhlGwX+zXv2N93k0yMONvUlANylbJw1eTah8K/Jtpi15KC+WSiaX/nBmbm2HxRM1gZ0nSdjSsrZbGKg=="],

    "@img/sharp-libvips-linux-arm": ["@img/sharp-libvips-linux-arm@1.2.4", "", { "os": "linux", "cpu": "arm" }, "sha512-bFI7xcKFELdiNCVov8e44Ia4u2byA+l3XtsAj+Q8tfCwO6BQ8iDojYdvoPMqsKDkuoOo+X6HZA0s0q11ANMQ8A=="],

    "@img/sharp-libvips-linux-arm64": ["@img/sharp-libvips-linux-arm64@1.2.4", "", { "os": "linux", "cpu": "arm64" }, "sha512-excjX8DfsIcJ10x1Kzr4RcWe1edC9PquDRRPx3YVCvQv+U5p7Yin2s32ftzikXojb1PIFc/9Mt28/y+iRklkrw=="],

    "@img/sharp-libvips-linux-ppc64": ["@img/sharp-libvips-linux-ppc64@1.2.4", "", { "os": "linux", "cpu": "ppc64" }, "sha512-FMuvGijLDYG6lW+b/UvyilUWu5Ayu+3r2d1S8notiGCIyYU/76eig1UfMmkZ7vwgOrzKzlQbFSuQfgm7GYUPpA=="],

    "@img/sharp-libvips-linux-riscv64": ["@img/sharp-libvips-linux-riscv64@1.2.4", "", { "os": "linux", "cpu": "none" }, "sha512-oVDbcR4zUC0ce82teubSm+x6ETixtKZBh/qbREIOcI3cULzDyb18Sr/Wcyx7NRQeQzOiHTNbZFF1UwPS2scyGA=="],

    "@img/sharp-libvips-linux-s390x": ["@img/sharp-libvips-linux-s390x@1.2.4", "", { "os": "linux", "cpu": "s390x" }, "sha512-qmp9VrzgPgMoGZyPvrQHqk02uyjA0/QrTO26Tqk6l4ZV0MPWIW6LTkqOIov+J1yEu7MbFQaDpwdwJKhbJvuRxQ=="],

    "@img/sharp-libvips-linux-x64": ["@img/sharp-libvips-linux-x64@1.2.4", "", { "os": "linux", "cpu": "x64" }, "sha512-tJxiiLsmHc9Ax1bz3oaOYBURTXGIRDODBqhveVHonrHJ9/+k89qbLl0bcJns+e4t4rvaNBxaEZsFtSfAdquPrw=="],

    "@img/sharp-libvips-linuxmusl-arm64": ["@img/sharp-libvips-linuxmusl-arm64@1.2.4", "", { "os": "linux", "cpu": "arm64" }, "sha512-FVQHuwx1IIuNow9QAbYUzJ+En8KcVm9Lk5+uGUQJHaZmMECZmOlix9HnH7n1TRkXMS0pGxIJokIVB9SuqZGGXw=="],

    "@img/sharp-libvips-linuxmusl-x64": ["@img/sharp-libvips-linuxmusl-x64@1.2.4", "", { "os": "linux", "cpu": "x64" }, "sha512-+LpyBk7L44ZIXwz/VYfglaX/okxezESc6UxDSoyo2Ks6Jxc4Y7sGjpgU9s4PMgqgjj1gZCylTieNamqA1MF7Dg=="],

    "@img/sharp-linux-arm": ["@img/sharp-linux-arm@0.34.5", "", { "optionalDependencies": { "@img/sharp-libvips-linux-arm": "1.2.4" }, "os": "linux", "cpu": "arm" }, "sha512-9dLqsvwtg1uuXBGZKsxem9595+ujv0sJ6Vi8wcTANSFpwV/GONat5eCkzQo/1O6zRIkh0m/8+5BjrRr7jDUSZw=="],

    "@img/sharp-linux-arm64": ["@img/sharp-linux-arm64@0.34.5", "", { "optionalDependencies": { "@img/sharp-libvips-linux-arm64": "1.2.4" }, "os": "linux", "cpu": "arm64" }, "sha512-bKQzaJRY/bkPOXyKx5EVup7qkaojECG6NLYswgktOZjaXecSAeCWiZwwiFf3/Y+O1HrauiE3FVsGxFg8c24rZg=="],

    "@img/sharp-linux-ppc64": ["@img/sharp-linux-ppc64@0.34.5", "", { "optionalDependencies": { "@img/sharp-libvips-linux-ppc64": "1.2.4" }, "os": "linux", "cpu": "ppc64" }, "sha512-7zznwNaqW6YtsfrGGDA6BRkISKAAE1Jo0QdpNYXNMHu2+0dTrPflTLNkpc8l7MUP5M16ZJcUvysVWWrMefZquA=="],

    "@img/sharp-linux-riscv64": ["@img/sharp-linux-riscv64@0.34.5", "", { "optionalDependencies": { "@img/sharp-libvips-linux-riscv64": "1.2.4" }, "os": "linux", "cpu": "none" }, "sha512-51gJuLPTKa7piYPaVs8GmByo7/U7/7TZOq+cnXJIHZKavIRHAP77e3N2HEl3dgiqdD/w0yUfiJnII77PuDDFdw=="],

    "@img/sharp-linux-s390x": ["@img/sharp-linux-s390x@0.34.5", "", { "optionalDependencies": { "@img/sharp-libvips-linux-s390x": "1.2.4" }, "os": "linux", "cpu": "s390x" }, "sha512-nQtCk0PdKfho3eC5MrbQoigJ2gd1CgddUMkabUj+rBevs8tZ2cULOx46E7oyX+04WGfABgIwmMC0VqieTiR4jg=="],

    "@img/sharp-linux-x64": ["@img/sharp-linux-x64@0.34.5", "", { "optionalDependencies": { "@img/sharp-libvips-linux-x64": "1.2.4" }, "os": "linux", "cpu": "x64" }, "sha512-MEzd8HPKxVxVenwAa+JRPwEC7QFjoPWuS5NZnBt6B3pu7EG2Ge0id1oLHZpPJdn3OQK+BQDiw9zStiHBTJQQQQ=="],

    "@img/sharp-linuxmusl-arm64": ["@img/sharp-linuxmusl-arm64@0.34.5", "", { "optionalDependencies": { "@img/sharp-libvips-linuxmusl-arm64": "1.2.4" }, "os": "linux", "cpu": "arm64" }, "sha512-fprJR6GtRsMt6Kyfq44IsChVZeGN97gTD331weR1ex1c1rypDEABN6Tm2xa1wE6lYb5DdEnk03NZPqA7Id21yg=="],

    "@img/sharp-linuxmusl-x64": ["@img/sharp-linuxmusl-x64@0.34.5", "", { "optionalDependencies": { "@img/sharp-libvips-linuxmusl-x64": "1.2.4" }, "os": "linux", "cpu": "x64" }, "sha512-Jg8wNT1MUzIvhBFxViqrEhWDGzqymo3sV7z7ZsaWbZNDLXRJZoRGrjulp60YYtV4wfY8VIKcWidjojlLcWrd8Q=="],

    "@img/sharp-wasm32": ["@img/sharp-wasm32@0.34.5", "", { "dependencies": { "@emnapi/runtime": "^1.7.0" }, "cpu": "none" }, "sha512-OdWTEiVkY2PHwqkbBI8frFxQQFekHaSSkUIJkwzclWZe64O1X4UlUjqqqLaPbUpMOQk6FBu/HtlGXNblIs0huw=="],

    "@img/sharp-win32-arm64": ["@img/sharp-win32-arm64@0.34.5", "", { "os": "win32", "cpu": "arm64" }, "sha512-WQ3AgWCWYSb2yt+IG8mnC6Jdk9Whs7O0gxphblsLvdhSpSTtmu69ZG1Gkb6NuvxsNACwiPV6cNSZNzt0KPsw7g=="],

    "@img/sharp-win32-ia32": ["@img/sharp-win32-ia32@0.34.5", "", { "os": "win32", "cpu": "ia32" }, "sha512-FV9m/7NmeCmSHDD5j4+4pNI8Cp3aW+JvLoXcTUo0IqyjSfAZJ8dIUmijx1qaJsIiU+Hosw6xM5KijAWRJCSgNg=="],

    "@img/sharp-win32-x64": ["@img/sharp-win32-x64@0.34.5", "", { "os": "win32", "cpu": "x64" }, "sha512-+29YMsqY2/9eFEiW93eqWnuLcWcufowXewwSNIT6UwZdUUCrM3oFjMWH/Z6/TMmb4hlFenmfAVbpWeup2jryCw=="],

    "@isaacs/fs-minipass": ["@isaacs/fs-minipass@4.0.1", "", { "dependencies": { "minipass": "^7.0.4" } }, "sha512-wgm9Ehl2jpeqP3zw/7mo3kRHFp5MEDhqAdwy1fTGkHAwnkGOVsgpvQhL8B5n1qlb01jV3n/bI0ZfZp5lWA1k4w=="],

    "@jridgewell/gen-mapping": ["@jridgewell/gen-mapping@0.3.13", "", { "dependencies": { "@jridgewell/sourcemap-codec": "^1.5.0", "@jridgewell/trace-mapping": "^0.3.24" } }, "sha512-2kkt/7niJ6MgEPxF0bYdQ6etZaA+fQvDcLKckhy1yIQOzaoKjBBjSj63/aLVjYE3qhRt5dvM+uUyfCg6UKCBbA=="],

    "@jridgewell/resolve-uri": ["@jridgewell/resolve-uri@3.1.2", "", {}, "sha512-bRISgCIjP20/tbWSPWMEi54QVPRZExkuD9lJL+UIxUKtwVJA8wW1Trb1jMs1RFXo1CBTNZ/5hpC9QvmKWdopKw=="],

    "@jridgewell/sourcemap-codec": ["@jridgewell/sourcemap-codec@1.5.5", "", {}, "sha512-cYQ9310grqxueWbl+WuIUIaiUaDcj7WOq5fVhEljNVgRfOUhY9fy2zTvfoqWsnebh8Sl70VScFbICvJnLKB0Og=="],

    "@jridgewell/trace-mapping": ["@jridgewell/trace-mapping@0.3.31", "", { "dependencies": { "@jridgewell/resolve-uri": "^3.1.0", "@jridgewell/sourcemap-codec": "^1.4.14" } }, "sha512-zzNR+SdQSDJzc8joaeP8QQoCQr8NuYx2dIIytl1QeBEZHJ9uW6hebsrYgbz8hJwUQao3TWCMtmfV8Nu1twOLAw=="],

    "@next/env": ["@next/env@16.0.1", "", {}, "sha512-LFvlK0TG2L3fEOX77OC35KowL8D7DlFF45C0OvKMC4hy8c/md1RC4UMNDlUGJqfCoCS2VWrZ4dSE6OjaX5+8mw=="],

    "@next/swc-darwin-arm64": ["@next/swc-darwin-arm64@16.0.1", "", { "os": "darwin", "cpu": "arm64" }, "sha512-R0YxRp6/4W7yG1nKbfu41bp3d96a0EalonQXiMe+1H9GTHfKxGNCGFNWUho18avRBPsO8T3RmdWuzmfurlQPbg=="],

    "@next/swc-darwin-x64": ["@next/swc-darwin-x64@16.0.1", "", { "os": "darwin", "cpu": "x64" }, "sha512-kETZBocRux3xITiZtOtVoVvXyQLB7VBxN7L6EPqgI5paZiUlnsgYv4q8diTNYeHmF9EiehydOBo20lTttCbHAg=="],

    "@next/swc-linux-arm64-gnu": ["@next/swc-linux-arm64-gnu@16.0.1", "", { "os": "linux", "cpu": "arm64" }, "sha512-hWg3BtsxQuSKhfe0LunJoqxjO4NEpBmKkE+P2Sroos7yB//OOX3jD5ISP2wv8QdUwtRehMdwYz6VB50mY6hqAg=="],

    "@next/swc-linux-arm64-musl": ["@next/swc-linux-arm64-musl@16.0.1", "", { "os": "linux", "cpu": "arm64" }, "sha512-UPnOvYg+fjAhP3b1iQStcYPWeBFRLrugEyK/lDKGk7kLNua8t5/DvDbAEFotfV1YfcOY6bru76qN9qnjLoyHCQ=="],

    "@next/swc-linux-x64-gnu": ["@next/swc-linux-x64-gnu@16.0.1", "", { "os": "linux", "cpu": "x64" }, "sha512-Et81SdWkcRqAJziIgFtsFyJizHoWne4fzJkvjd6V4wEkWTB4MX6J0uByUb0peiJQ4WeAt6GGmMszE5KrXK6WKg=="],

    "@next/swc-linux-x64-musl": ["@next/swc-linux-x64-musl@16.0.1", "", { "os": "linux", "cpu": "x64" }, "sha512-qBbgYEBRrC1egcG03FZaVfVxrJm8wBl7vr8UFKplnxNRprctdP26xEv9nJ07Ggq4y1adwa0nz2mz83CELY7N6Q=="],

    "@next/swc-win32-arm64-msvc": ["@next/swc-win32-arm64-msvc@16.0.1", "", { "os": "win32", "cpu": "arm64" }, "sha512-cPuBjYP6I699/RdbHJonb3BiRNEDm5CKEBuJ6SD8k3oLam2fDRMKAvmrli4QMDgT2ixyRJ0+DTkiODbIQhRkeQ=="],

    "@next/swc-win32-x64-msvc": ["@next/swc-win32-x64-msvc@16.0.1", "", { "os": "win32", "cpu": "x64" }, "sha512-XeEUJsE4JYtfrXe/LaJn3z1pD19fK0Q6Er8Qoufi+HqvdO4LEPyCxLUt4rxA+4RfYo6S9gMlmzCMU2F+AatFqQ=="],

    "@playwright/test": ["@playwright/test@1.52.0", "", { "dependencies": { "playwright": "1.52.0" }, "bin": { "playwright": "cli.js" } }, "sha512-uh6W7sb55hl7D6vsAeA+V2p5JnlAqzhqFyF0VcJkKZXkgnFcVG9PziERRHQfPLfNGx1C292a4JqbWzhR8L4R1g=="],

    "@swc/helpers": ["@swc/helpers@0.5.15", "", { "dependencies": { "tslib": "^2.8.0" } }, "sha512-JQ5TuMi45Owi4/BIMAJBoSQoOJu12oOk/gADqlcUL9JEdHB8vyjUSsxqeNXnmXHjYKMi2WcYtezGEEhqUI/E2g=="],

    "@tailwindcss/node": ["@tailwindcss/node@4.1.10", "", { "dependencies": { "@ampproject/remapping": "^2.3.0", "enhanced-resolve": "^5.18.1", "jiti": "^2.4.2", "lightningcss": "1.30.1", "magic-string": "^0.30.17", "source-map-js": "^1.2.1", "tailwindcss": "4.1.10" } }, "sha512-2ACf1znY5fpRBwRhMgj9ZXvb2XZW8qs+oTfotJ2C5xR0/WNL7UHZ7zXl6s+rUqedL1mNi+0O+WQr5awGowS3PQ=="],

    "@tailwindcss/oxide": ["@tailwindcss/oxide@4.1.10", "", { "dependencies": { "detect-libc": "^2.0.4", "tar": "^7.4.3" }, "optionalDependencies": { "@tailwindcss/oxide-android-arm64": "4.1.10", "@tailwindcss/oxide-darwin-arm64": "4.1.10", "@tailwindcss/oxide-darwin-x64": "4.1.10", "@tailwindcss/oxide-freebsd-x64": "4.1.10", "@tailwindcss/oxide-linux-arm-gnueabihf": "4.1.10", "@tailwindcss/oxide-linux-arm64-gnu": "4.1.10", "@tailwindcss/oxide-linux-arm64-musl": "4.1.10", "@tailwindcss/oxide-linux-x64-gnu": "4.1.10", "@tailwindcss/oxide-linux-x64-musl": "4.1.10", "@tailwindcss/oxide-wasm32-wasi": "4.1.10", "@tailwindcss/oxide-win32-arm64-msvc": "4.1.10", "@tailwindcss/oxide-win32-x64-msvc": "4.1.10" } }, "sha512-v0C43s7Pjw+B9w21htrQwuFObSkio2aV/qPx/mhrRldbqxbWJK6KizM+q7BF1/1CmuLqZqX3CeYF7s7P9fbA8Q=="],

    "@tailwindcss/oxide-android-arm64": ["@tailwindcss/oxide-android-arm64@4.1.10", "", { "os": "android", "cpu": "arm64" }, "sha512-VGLazCoRQ7rtsCzThaI1UyDu/XRYVyH4/EWiaSX6tFglE+xZB5cvtC5Omt0OQ+FfiIVP98su16jDVHDEIuH4iQ=="],

    "@tailwindcss/oxide-darwin-arm64": ["@tailwindcss/oxide-darwin-arm64@4.1.10", "", { "os": "darwin", "cpu": "arm64" }, "sha512-ZIFqvR1irX2yNjWJzKCqTCcHZbgkSkSkZKbRM3BPzhDL/18idA8uWCoopYA2CSDdSGFlDAxYdU2yBHwAwx8euQ=="],

    "@tailwindcss/oxide-darwin-x64": ["@tailwindcss/oxide-darwin-x64@4.1.10", "", { "os": "darwin", "cpu": "x64" }, "sha512-eCA4zbIhWUFDXoamNztmS0MjXHSEJYlvATzWnRiTqJkcUteSjO94PoRHJy1Xbwp9bptjeIxxBHh+zBWFhttbrQ=="],

    "@tailwindcss/oxide-freebsd-x64": ["@tailwindcss/oxide-freebsd-x64@4.1.10", "", { "os": "freebsd", "cpu": "x64" }, "sha512-8/392Xu12R0cc93DpiJvNpJ4wYVSiciUlkiOHOSOQNH3adq9Gi/dtySK7dVQjXIOzlpSHjeCL89RUUI8/GTI6g=="],

    "@tailwindcss/oxide-linux-arm-gnueabihf": ["@tailwindcss/oxide-linux-arm-gnueabihf@4.1.10", "", { "os": "linux", "cpu": "arm" }, "sha512-t9rhmLT6EqeuPT+MXhWhlRYIMSfh5LZ6kBrC4FS6/+M1yXwfCtp24UumgCWOAJVyjQwG+lYva6wWZxrfvB+NhQ=="],

    "@tailwindcss/oxide-linux-arm64-gnu": ["@tailwindcss/oxide-linux-arm64-gnu@4.1.10", "", { "os": "linux", "cpu": "arm64" }, "sha512-3oWrlNlxLRxXejQ8zImzrVLuZ/9Z2SeKoLhtCu0hpo38hTO2iL86eFOu4sVR8cZc6n3z7eRXXqtHJECa6mFOvA=="],

    "@tailwindcss/oxide-linux-arm64-musl": ["@tailwindcss/oxide-linux-arm64-musl@4.1.10", "", { "os": "linux", "cpu": "arm64" }, "sha512-saScU0cmWvg/Ez4gUmQWr9pvY9Kssxt+Xenfx1LG7LmqjcrvBnw4r9VjkFcqmbBb7GCBwYNcZi9X3/oMda9sqQ=="],

    "@tailwindcss/oxide-linux-x64-gnu": ["@tailwindcss/oxide-linux-x64-gnu@4.1.10", "", { "os": "linux", "cpu": "x64" }, "sha512-/G3ao/ybV9YEEgAXeEg28dyH6gs1QG8tvdN9c2MNZdUXYBaIY/Gx0N6RlJzfLy/7Nkdok4kaxKPHKJUlAaoTdA=="],

    "@tailwindcss/oxide-linux-x64-musl": ["@tailwindcss/oxide-linux-x64-musl@4.1.10", "", { "os": "linux", "cpu": "x64" }, "sha512-LNr7X8fTiKGRtQGOerSayc2pWJp/9ptRYAa4G+U+cjw9kJZvkopav1AQc5HHD+U364f71tZv6XamaHKgrIoVzA=="],

    "@tailwindcss/oxide-wasm32-wasi": ["@tailwindcss/oxide-wasm32-wasi@4.1.10", "", { "dependencies": { "@emnapi/core": "^1.4.3", "@emnapi/runtime": "^1.4.3", "@emnapi/wasi-threads": "^1.0.2", "@napi-rs/wasm-runtime": "^0.2.10", "@tybys/wasm-util": "^0.9.0", "tslib": "^2.8.0" }, "cpu": "none" }, "sha512-d6ekQpopFQJAcIK2i7ZzWOYGZ+A6NzzvQ3ozBvWFdeyqfOZdYHU66g5yr+/HC4ipP1ZgWsqa80+ISNILk+ae/Q=="],

    "@tailwindcss/oxide-win32-arm64-msvc": ["@tailwindcss/oxide-win32-arm64-msvc@4.1.10", "", { "os": "win32", "cpu": "arm64" }, "sha512-i1Iwg9gRbwNVOCYmnigWCCgow8nDWSFmeTUU5nbNx3rqbe4p0kRbEqLwLJbYZKmSSp23g4N6rCDmm7OuPBXhDA=="],

    "@tailwindcss/oxide-win32-x64-msvc": ["@tailwindcss/oxide-win32-x64-msvc@4.1.10", "", { "os": "win32", "cpu": "x64" }, "sha512-sGiJTjcBSfGq2DVRtaSljq5ZgZS2SDHSIfhOylkBvHVjwOsodBhnb3HdmiKkVuUGKD0I7G63abMOVaskj1KpOA=="],

    "@tailwindcss/postcss": ["@tailwindcss/postcss@4.1.10", "", { "dependencies": { "@alloc/quick-lru": "^5.2.0", "@tailwindcss/node": "4.1.10", "@tailwindcss/oxide": "4.1.10", "postcss": "^8.4.41", "tailwindcss": "4.1.10" } }, "sha512-B+7r7ABZbkXJwpvt2VMnS6ujcDoR2OOcFaqrLIo1xbcdxje4Vf+VgJdBzNNbrAjBj/rLZ66/tlQ1knIGNLKOBQ=="],

    "@types/bun": ["@types/bun@1.3.3", "", { "dependencies": { "bun-types": "1.3.3" } }, "sha512-ogrKbJ2X5N0kWLLFKeytG0eHDleBYtngtlbu9cyBKFtNL3cnpDZkNdQj8flVf6WTZUX5ulI9AY1oa7ljhSrp+g=="],

    "@types/node": ["@types/node@24.10.1", "", { "dependencies": { "undici-types": "~7.16.0" } }, "sha512-GNWcUTRBgIRJD5zj+Tq0fKOJ5XZajIiBroOF0yvj2bSU1WvNdYS/dn9UxwsujGW4JX06dnHyjV2y9rRaybH0iQ=="],

    "@types/react": ["@types/react@19.2.2", "", { "dependencies": { "csstype": "^3.0.2" } }, "sha512-6mDvHUFSjyT2B2yeNx2nUgMxh9LtOWvkhIU3uePn2I2oyNymUAX1NIsdgviM4CH+JSrp2D2hsMvJOkxY+0wNRA=="],

    "@types/react-dom": ["@types/react-dom@19.2.2", "", { "peerDependencies": { "@types/react": "^19.2.0" } }, "sha512-9KQPoO6mZCi7jcIStSnlOWn2nEF3mNmyr3rIAsGnAbQKYbRLyqmeSc39EVgtxXVia+LMT8j3knZLAZAh+xLmrw=="],

    "@workspace/typescript-config": ["@workspace/typescript-config@workspace:packages/typescript-config"],

    "bun-types": ["bun-types@1.3.3", "", { "dependencies": { "@types/node": "*" } }, "sha512-z3Xwlg7j2l9JY27x5Qn3Wlyos8YAp0kKRlrePAOjgjMGS5IG6E7Jnlx736vH9UVI4wUICwwhC9anYL++XeOgTQ=="],

    "caniuse-lite": ["caniuse-lite@1.0.30001757", "", {}, "sha512-r0nnL/I28Zi/yjk1el6ilj27tKcdjLsNqAOZr0yVjWPrSQyHgKI2INaEWw21bAQSv2LXRt1XuCS/GomNpWOxsQ=="],

    "chownr": ["chownr@3.0.0", "", {}, "sha512-+IxzY9BZOQd/XuYPRmrvEVjF/nqj5kgT4kEq7VofrDoM1MxoRjEWkrCC3EtLi59TVawxTAn+orJwFQcrqEN1+g=="],

    "citty": ["citty@0.1.6", "", { "dependencies": { "consola": "^3.2.3" } }, "sha512-tskPPKEs8D2KPafUypv2gxwJP8h/OaJmC82QQGGDQcHvXX43xF2VDACcJVmZ0EuSxkpO9Kc4MlrA3q0+FG58AQ=="],

    "client-only": ["client-only@0.0.1", "", {}, "sha512-IV3Ou0jSMzZrd3pZ48nLkT9DA7Ag1pnPzaiQhpW7c3RbcqqzvzzVu+L8gfqMp/8IM2MQtSiqaCxrrcfu8I8rMA=="],

    "clsx": ["clsx@2.1.1", "", {}, "sha512-eYm0QWBtUrBWZWG0d386OGAw16Z995PiOVo2B7bjWSbHedGl5e0ZWaq65kOGgUSNesEIDkB9ISbTg/JK9dhCZA=="],

    "consola": ["consola@3.4.2", "", {}, "sha512-5IKcdX0nnYavi6G7TtOhwkYzyjfJlatbjMjuLSfE2kYT5pMDOilZ4OvMhi637CcDICTmz3wARPoyhqyX1Y+XvA=="],

    "csstype": ["csstype@3.2.3", "", {}, "sha512-z1HGKcYy2xA8AGQfwrn0PAy+PB7X/GSj3UVJW9qKyn43xWa+gl5nXmU4qqLMRzWVLFC8KusUX8T/0kCiOYpAIQ=="],

    "detect-libc": ["detect-libc@2.1.2", "", {}, "sha512-Btj2BOOO83o3WyH59e8MgXsxEQVcarkUOpEYrubB0urwnN10yQ364rsiByU11nZlqWYZm05i/of7io4mzihBtQ=="],

    "enhanced-resolve": ["enhanced-resolve@5.18.3", "", { "dependencies": { "graceful-fs": "^4.2.4", "tapable": "^2.2.0" } }, "sha512-d4lC8xfavMeBjzGr2vECC3fsGXziXZQyJxD868h2M/mBI3PwAuODxAkLkq5HYuvrPYcUtiLzsTo8U3PgX3Ocww=="],

    "example": ["example@workspace:apps/example"],

    "fsevents": ["fsevents@2.3.2", "", { "os": "darwin" }, "sha512-xiqMQR4xAeHTuB9uWm+fFRcIOgKBMiOBP+eXiyT7jsgVCq1bkVygt00oASowB7EdtpOHaaPgKt812P9ab+DDKA=="],

    "graceful-fs": ["graceful-fs@4.2.11", "", {}, "sha512-RbJ5/jmFcNNCcDV5o9eTnBLJ/HszWV0P73bc+Ff4nS/rJj+YaS6IGyiOL0VoBYX+l1Wrl3k63h/KrH+nhJ0XvQ=="],

    "jiti": ["jiti@2.6.1", "", { "bin": { "jiti": "lib/jiti-cli.mjs" } }, "sha512-ekilCSN1jwRvIbgeg/57YFh8qQDNbwDb9xT/qu2DAHbFFZUicIl4ygVaAvzveMhMVr3LnpSKTNnwt8PoOfmKhQ=="],

    "lightningcss": ["lightningcss@1.30.1", "", { "dependencies": { "detect-libc": "^2.0.3" }, "optionalDependencies": { "lightningcss-darwin-arm64": "1.30.1", "lightningcss-darwin-x64": "1.30.1", "lightningcss-freebsd-x64": "1.30.1", "lightningcss-linux-arm-gnueabihf": "1.30.1", "lightningcss-linux-arm64-gnu": "1.30.1", "lightningcss-linux-arm64-musl": "1.30.1", "lightningcss-linux-x64-gnu": "1.30.1", "lightningcss-linux-x64-musl": "1.30.1", "lightningcss-win32-arm64-msvc": "1.30.1", "lightningcss-win32-x64-msvc": "1.30.1" } }, "sha512-xi6IyHML+c9+Q3W0S4fCQJOym42pyurFiJUHEcEyHS0CeKzia4yZDEsLlqOFykxOdHpNy0NmvVO31vcSqAxJCg=="],

    "lightningcss-darwin-arm64": ["lightningcss-darwin-arm64@1.30.1", "", { "os": "darwin", "cpu": "arm64" }, "sha512-c8JK7hyE65X1MHMN+Viq9n11RRC7hgin3HhYKhrMyaXflk5GVplZ60IxyoVtzILeKr+xAJwg6zK6sjTBJ0FKYQ=="],

    "lightningcss-darwin-x64": ["lightningcss-darwin-x64@1.30.1", "", { "os": "darwin", "cpu": "x64" }, "sha512-k1EvjakfumAQoTfcXUcHQZhSpLlkAuEkdMBsI/ivWw9hL+7FtilQc0Cy3hrx0AAQrVtQAbMI7YjCgYgvn37PzA=="],

    "lightningcss-freebsd-x64": ["lightningcss-freebsd-x64@1.30.1", "", { "os": "freebsd", "cpu": "x64" }, "sha512-kmW6UGCGg2PcyUE59K5r0kWfKPAVy4SltVeut+umLCFoJ53RdCUWxcRDzO1eTaxf/7Q2H7LTquFHPL5R+Gjyig=="],

    "lightningcss-linux-arm-gnueabihf": ["lightningcss-linux-arm-gnueabihf@1.30.1", "", { "os": "linux", "cpu": "arm" }, "sha512-MjxUShl1v8pit+6D/zSPq9S9dQ2NPFSQwGvxBCYaBYLPlCWuPh9/t1MRS8iUaR8i+a6w7aps+B4N0S1TYP/R+Q=="],

    "lightningcss-linux-arm64-gnu": ["lightningcss-linux-arm64-gnu@1.30.1", "", { "os": "linux", "cpu": "arm64" }, "sha512-gB72maP8rmrKsnKYy8XUuXi/4OctJiuQjcuqWNlJQ6jZiWqtPvqFziskH3hnajfvKB27ynbVCucKSm2rkQp4Bw=="],

    "lightningcss-linux-arm64-musl": ["lightningcss-linux-arm64-musl@1.30.1", "", { "os": "linux", "cpu": "arm64" }, "sha512-jmUQVx4331m6LIX+0wUhBbmMX7TCfjF5FoOH6SD1CttzuYlGNVpA7QnrmLxrsub43ClTINfGSYyHe2HWeLl5CQ=="],

    "lightningcss-linux-x64-gnu": ["lightningcss-linux-x64-gnu@1.30.1", "", { "os": "linux", "cpu": "x64" }, "sha512-piWx3z4wN8J8z3+O5kO74+yr6ze/dKmPnI7vLqfSqI8bccaTGY5xiSGVIJBDd5K5BHlvVLpUB3S2YCfelyJ1bw=="],

    "lightningcss-linux-x64-musl": ["lightningcss-linux-x64-musl@1.30.1", "", { "os": "linux", "cpu": "x64" }, "sha512-rRomAK7eIkL+tHY0YPxbc5Dra2gXlI63HL+v1Pdi1a3sC+tJTcFrHX+E86sulgAXeI7rSzDYhPSeHHjqFhqfeQ=="],

    "lightningcss-win32-arm64-msvc": ["lightningcss-win32-arm64-msvc@1.30.1", "", { "os": "win32", "cpu": "arm64" }, "sha512-mSL4rqPi4iXq5YVqzSsJgMVFENoa4nGTT/GjO2c0Yl9OuQfPsIfncvLrEW6RbbB24WtZ3xP/2CCmI3tNkNV4oA=="],

    "lightningcss-win32-x64-msvc": ["lightningcss-win32-x64-msvc@1.30.1", "", { "os": "win32", "cpu": "x64" }, "sha512-PVqXh48wh4T53F/1CCu8PIPCxLzWyCnn/9T5W1Jpmdy5h9Cwd+0YQS6/LwhHXSafuc61/xg9Lv5OrCby6a++jg=="],

    "magic-string": ["magic-string@0.30.21", "", { "dependencies": { "@jridgewell/sourcemap-codec": "^1.5.5" } }, "sha512-vd2F4YUyEXKGcLHoq+TEyCjxueSeHnFxyyjNp80yg0XV4vUhnDer/lvvlqM/arB5bXQN5K2/3oinyCRyx8T2CQ=="],

    "minipass": ["minipass@7.1.2", "", {}, "sha512-qOOzS1cBTWYF4BH8fVePDBOO9iptMnGUEZwNc/cMWnTV2nVLZ7VoNWEPHkYczZA0pdoA7dl6e7FL659nX9S2aw=="],

    "minizlib": ["minizlib@3.1.0", "", { "dependencies": { "minipass": "^7.1.2" } }, "sha512-KZxYo1BUkWD2TVFLr0MQoM8vUUigWD3LlD83a/75BqC+4qE0Hb1Vo5v1FgcfaNXvfXzr+5EhQ6ing/CaBijTlw=="],

    "nanoid": ["nanoid@3.3.11", "", { "bin": { "nanoid": "bin/nanoid.cjs" } }, "sha512-N8SpfPUnUp1bK+PMYW8qSWdl9U+wwNWI4QKxOYDy9JAro3WMX7p2OeVRF9v+347pnakNevPmiHhNmZ2HbFA76w=="],

    "next": ["next@16.0.1", "", { "dependencies": { "@next/env": "16.0.1", "@swc/helpers": "0.5.15", "caniuse-lite": "^1.0.30001579", "postcss": "8.4.31", "styled-jsx": "5.1.6" }, "optionalDependencies": { "@next/swc-darwin-arm64": "16.0.1", "@next/swc-darwin-x64": "16.0.1", "@next/swc-linux-arm64-gnu": "16.0.1", "@next/swc-linux-arm64-musl": "16.0.1", "@next/swc-linux-x64-gnu": "16.0.1", "@next/swc-linux-x64-musl": "16.0.1", "@next/swc-win32-arm64-msvc": "16.0.1", "@next/swc-win32-x64-msvc": "16.0.1", "sharp": "^0.34.4" }, "peerDependencies": { "@opentelemetry/api": "^1.1.0", "@playwright/test": "^1.51.1", "babel-plugin-react-compiler": "*", "react": "^18.2.0 || 19.0.0-rc-de68d2f4-20241204 || ^19.0.0", "react-dom": "^18.2.0 || 19.0.0-rc-de68d2f4-20241204 || ^19.0.0", "sass": "^1.3.0" }, "optionalPeers": ["@opentelemetry/api", "@playwright/test", "babel-plugin-react-compiler", "sass"], "bin": { "next": "dist/bin/next" } }, "sha512-e9RLSssZwd35p7/vOa+hoDFggUZIUbZhIUSLZuETCwrCVvxOs87NamoUzT+vbcNAL8Ld9GobBnWOA6SbV/arOw=="],

    "nextbook": ["nextbook@workspace:packages/nextbook"],

    "picocolors": ["picocolors@1.1.1", "", {}, "sha512-xceH2snhtb5M9liqDsmEw56le376mTZkEX/jEb/RxNFyegNul7eNslCXP9FDj/Lcu0X8KEyMceP2ntpaHrDEVA=="],

    "playwright": ["playwright@1.52.0", "", { "dependencies": { "playwright-core": "1.52.0" }, "optionalDependencies": { "fsevents": "2.3.2" }, "bin": { "playwright": "cli.js" } }, "sha512-JAwMNMBlxJ2oD1kce4KPtMkDeKGHQstdpFPcPH3maElAXon/QZeTvtsfXmTMRyO9TslfoYOXkSsvao2nE1ilTw=="],

    "playwright-core": ["playwright-core@1.52.0", "", { "bin": { "playwright-core": "cli.js" } }, "sha512-l2osTgLXSMeuLZOML9qYODUQoPPnUsKsb5/P6LJ2e6uPKXUdPK5WYhN4z03G+YNbWmGDY4YENauNu4ZKczreHg=="],

    "postcss": ["postcss@8.5.6", "", { "dependencies": { "nanoid": "^3.3.11", "picocolors": "^1.1.1", "source-map-js": "^1.2.1" } }, "sha512-3Ybi1tAuwAP9s0r1UQ2J4n5Y0G05bJkpUIO0/bI9MhwmD70S5aTWbXGBwxHrelT+XM1k6dM0pk+SwNkpTRN7Pg=="],

    "react": ["react@19.2.0", "", {}, "sha512-tmbWg6W31tQLeB5cdIBOicJDJRR2KzXsV7uSK9iNfLWQ5bIZfxuPEHp7M8wiHyHnn0DD1i7w3Zmin0FtkrwoCQ=="],

    "react-dom": ["react-dom@19.2.0", "", { "dependencies": { "scheduler": "^0.27.0" }, "peerDependencies": { "react": "^19.2.0" } }, "sha512-UlbRu4cAiGaIewkPyiRGJk0imDN2T3JjieT6spoL2UeSf5od4n5LB/mQ4ejmxhCFT1tYe8IvaFulzynWovsEFQ=="],

    "scheduler": ["scheduler@0.27.0", "", {}, "sha512-eNv+WrVbKu1f3vbYJT/xtiF5syA5HPIMtf9IgY/nKg0sWqzAUEvqY/xm7OcZc/qafLx/iO9FgOmeSAp4v5ti/Q=="],

    "semver": ["semver@7.7.3", "", { "bin": { "semver": "bin/semver.js" } }, "sha512-SdsKMrI9TdgjdweUSR9MweHA4EJ8YxHn8DFaDisvhVlUOe4BF1tLD7GAj0lIqWVl+dPb/rExr0Btby5loQm20Q=="],

    "sharp": ["sharp@0.34.5", "", { "dependencies": { "@img/colour": "^1.0.0", "detect-libc": "^2.1.2", "semver": "^7.7.3" }, "optionalDependencies": { "@img/sharp-darwin-arm64": "0.34.5", "@img/sharp-darwin-x64": "0.34.5", "@img/sharp-libvips-darwin-arm64": "1.2.4", "@img/sharp-libvips-darwin-x64": "1.2.4", "@img/sharp-libvips-linux-arm": "1.2.4", "@img/sharp-libvips-linux-arm64": "1.2.4", "@img/sharp-libvips-linux-ppc64": "1.2.4", "@img/sharp-libvips-linux-riscv64": "1.2.4", "@img/sharp-libvips-linux-s390x": "1.2.4", "@img/sharp-libvips-linux-x64": "1.2.4", "@img/sharp-libvips-linuxmusl-arm64": "1.2.4", "@img/sharp-libvips-linuxmusl-x64": "1.2.4", "@img/sharp-linux-arm": "0.34.5", "@img/sharp-linux-arm64": "0.34.5", "@img/sharp-linux-ppc64": "0.34.5", "@img/sharp-linux-riscv64": "0.34.5", "@img/sharp-linux-s390x": "0.34.5", "@img/sharp-linux-x64": "0.34.5", "@img/sharp-linuxmusl-arm64": "0.34.5", "@img/sharp-linuxmusl-x64": "0.34.5", "@img/sharp-wasm32": "0.34.5", "@img/sharp-win32-arm64": "0.34.5", "@img/sharp-win32-ia32": "0.34.5", "@img/sharp-win32-x64": "0.34.5" } }, "sha512-Ou9I5Ft9WNcCbXrU9cMgPBcCK8LiwLqcbywW3t4oDV37n1pzpuNLsYiAV8eODnjbtQlSDwZ2cUEeQz4E54Hltg=="],

    "source-map-js": ["source-map-js@1.2.1", "", {}, "sha512-UXWMKhLOwVKb728IUtQPXxfYU+usdybtUrK/8uGE8CQMvrhOpwvzDBwj0QhSL7MQc7vIsISBG8VQ8+IDQxpfQA=="],

    "styled-jsx": ["styled-jsx@5.1.6", "", { "dependencies": { "client-only": "0.0.1" }, "peerDependencies": { "react": ">= 16.8.0 || 17.x.x || ^18.0.0-0 || ^19.0.0-0" } }, "sha512-qSVyDTeMotdvQYoHWLNGwRFJHC+i+ZvdBRYosOFgC+Wg1vx4frN2/RG/NA7SYqqvKNLf39P2LSRA2pu6n0XYZA=="],

    "tailwind-merge": ["tailwind-merge@3.3.1", "", {}, "sha512-gBXpgUm/3rp1lMZZrM/w7D8GKqshif0zAymAhbCyIt8KMe+0v9DQ7cdYLR4FHH/cKpdTXb+A/tKKU3eolfsI+g=="],

    "tailwindcss": ["tailwindcss@4.1.10", "", {}, "sha512-P3nr6WkvKV/ONsTzj6Gb57sWPMX29EPNPopo7+FcpkQaNsrNpZ1pv8QmrYI2RqEKD7mlGqLnGovlcYnBK0IqUA=="],

    "tapable": ["tapable@2.3.0", "", {}, "sha512-g9ljZiwki/LfxmQADO3dEY1CbpmXT5Hm2fJ+QaGKwSXUylMybePR7/67YW7jOrrvjEgL1Fmz5kzyAjWVWLlucg=="],

    "tar": ["tar@7.5.2", "", { "dependencies": { "@isaacs/fs-minipass": "^4.0.0", "chownr": "^3.0.0", "minipass": "^7.1.2", "minizlib": "^3.1.0", "yallist": "^5.0.0" } }, "sha512-7NyxrTE4Anh8km8iEy7o0QYPs+0JKBTj5ZaqHg6B39erLg0qYXN3BijtShwbsNSvQ+LN75+KV+C4QR/f6Gwnpg=="],

    "tslib": ["tslib@2.8.1", "", {}, "sha512-oJFu94HQb+KVduSUQL7wnpmqnfmLsOA/nAh6b6EH0wCEoK0/mPeXU6c3wKDV83MkOuHPRHtSXKKU99IBazS/2w=="],

    "turbo": ["turbo@2.6.1", "", { "optionalDependencies": { "turbo-darwin-64": "2.6.1", "turbo-darwin-arm64": "2.6.1", "turbo-linux-64": "2.6.1", "turbo-linux-arm64": "2.6.1", "turbo-windows-64": "2.6.1", "turbo-windows-arm64": "2.6.1" }, "bin": { "turbo": "bin/turbo" } }, "sha512-qBwXXuDT3rA53kbNafGbT5r++BrhRgx3sAo0cHoDAeG9g1ItTmUMgltz3Hy7Hazy1ODqNpR+C7QwqL6DYB52yA=="],

    "turbo-darwin-64": ["turbo-darwin-64@2.6.1", "", { "os": "darwin", "cpu": "x64" }, "sha512-Dm0HwhyZF4J0uLqkhUyCVJvKM9Rw7M03v3J9A7drHDQW0qAbIGBrUijQ8g4Q9Cciw/BXRRd8Uzkc3oue+qn+ZQ=="],

    "turbo-darwin-arm64": ["turbo-darwin-arm64@2.6.1", "", { "os": "darwin", "cpu": "arm64" }, "sha512-U0PIPTPyxdLsrC3jN7jaJUwgzX5sVUBsKLO7+6AL+OASaa1NbT1pPdiZoTkblBAALLP76FM0LlnsVQOnmjYhyw=="],

    "turbo-linux-64": ["turbo-linux-64@2.6.1", "", { "os": "linux", "cpu": "x64" }, "sha512-eM1uLWgzv89bxlK29qwQEr9xYWBhmO/EGiH22UGfq+uXr+QW1OvNKKMogSN65Ry8lElMH4LZh0aX2DEc7eC0Mw=="],

    "turbo-linux-arm64": ["turbo-linux-arm64@2.6.1", "", { "os": "linux", "cpu": "arm64" }, "sha512-MFFh7AxAQAycXKuZDrbeutfWM5Ep0CEZ9u7zs4Hn2FvOViTCzIfEhmuJou3/a5+q5VX1zTxQrKGy+4Lf5cdpsA=="],

    "turbo-windows-64": ["turbo-windows-64@2.6.1", "", { "os": "win32", "cpu": "x64" }, "sha512-buq7/VAN7KOjMYi4tSZT5m+jpqyhbRU2EUTTvp6V0Ii8dAkY2tAAjQN1q5q2ByflYWKecbQNTqxmVploE0LVwQ=="],

    "turbo-windows-arm64": ["turbo-windows-arm64@2.6.1", "", { "os": "win32", "cpu": "arm64" }, "sha512-7w+AD5vJp3R+FB0YOj1YJcNcOOvBior7bcHTodqp90S3x3bLgpr7tE6xOea1e8JkP7GK6ciKVUpQvV7psiwU5Q=="],

    "typescript": ["typescript@5.9.3", "", { "bin": { "tsc": "bin/tsc", "tsserver": "bin/tsserver" } }, "sha512-jl1vZzPDinLr9eUt3J/t7V6FgNEw9QjvBPdysz9KfQDD41fQrC2Y4vKQdiaUpFT4bXlb1RHhLpp8wtm6M5TgSw=="],

    "undici-types": ["undici-types@7.16.0", "", {}, "sha512-Zz+aZWSj8LE6zoxD+xrjh4VfkIG8Ya6LvYkZqtUQGJPZjYl53ypCaUwWqo7eI0x66KBGeRo+mlBEkMSeSZ38Nw=="],

    "yallist": ["yallist@5.0.0", "", {}, "sha512-YgvUTfwqyc7UXVMrB+SImsVYSmTS8X/tSrtdNZMImM+n7+QTriRXyXim0mBrTXNeqzVF0KWGgHPeiyViFFrNDw=="],

    "zod": ["zod@4.1.12", "", {}, "sha512-JInaHOamG8pt5+Ey8kGmdcAcg3OL9reK8ltczgHTAwNhMys/6ThXHityHxVV2p3fkw/c+MAvBHFVYHFZDmjMCQ=="],

    "@tailwindcss/oxide-wasm32-wasi/@emnapi/core": ["@emnapi/core@1.7.1", "", { "dependencies": { "@emnapi/wasi-threads": "1.1.0", "tslib": "^2.4.0" }, "bundled": true }, "sha512-o1uhUASyo921r2XtHYOHy7gdkGLge8ghBEQHMWmyJFoXlpU58kIrhhN3w26lpQb6dspetweapMn2CSNwQ8I4wg=="],

    "@tailwindcss/oxide-wasm32-wasi/@emnapi/runtime": ["@emnapi/runtime@1.7.1", "", { "dependencies": { "tslib": "^2.4.0" }, "bundled": true }, "sha512-PVtJr5CmLwYAU9PZDMITZoR5iAOShYREoR45EyyLrbntV50mdePTgUn4AmOw90Ifcj+x2kRjdzr1HP3RrNiHGA=="],

    "@tailwindcss/oxide-wasm32-wasi/@emnapi/wasi-threads": ["@emnapi/wasi-threads@1.1.0", "", { "dependencies": { "tslib": "^2.4.0" }, "bundled": true }, "sha512-WI0DdZ8xFSbgMjR1sFsKABJ/C5OnRrjT06JXbZKexJGrDuPTzZdDYfFlsgcCXCyf+suG5QU2e/y1Wo2V/OapLQ=="],

    "@tailwindcss/oxide-wasm32-wasi/@napi-rs/wasm-runtime": ["@napi-rs/wasm-runtime@0.2.12", "", { "dependencies": { "@emnapi/core": "^1.4.3", "@emnapi/runtime": "^1.4.3", "@tybys/wasm-util": "^0.10.0" }, "bundled": true }, "sha512-ZVWUcfwY4E/yPitQJl481FjFo3K22D6qF0DuFH6Y/nbnE11GY5uguDxZMGXPQ8WQ0128MXQD7TnfHyK4oWoIJQ=="],

    "@tailwindcss/oxide-wasm32-wasi/@tybys/wasm-util": ["@tybys/wasm-util@0.9.0", "", { "dependencies": { "tslib": "^2.4.0" }, "bundled": true }, "sha512-6+7nlbMVX/PVDCwaIQ8nTOPveOcFLSt8GcXdx8hD0bt39uWxYT88uXzqTd4fTvqta7oeUJqudepapKNt2DYJFw=="],

    "@tailwindcss/oxide-wasm32-wasi/tslib": ["tslib@2.8.1", "", { "bundled": true }, "sha512-oJFu94HQb+KVduSUQL7wnpmqnfmLsOA/nAh6b6EH0wCEoK0/mPeXU6c3wKDV83MkOuHPRHtSXKKU99IBazS/2w=="],

    "next/postcss": ["postcss@8.4.31", "", { "dependencies": { "nanoid": "^3.3.6", "picocolors": "^1.0.0", "source-map-js": "^1.0.2" } }, "sha512-PS08Iboia9mts/2ygV3eLpY5ghnUcfLV/EXTOW1E2qYxJKGGBUtNjN76FYHnMs36RmARn41bC0AZmn+rR0OVpQ=="],

    "@tailwindcss/oxide-wasm32-wasi/@napi-rs/wasm-runtime/@tybys/wasm-util": ["@tybys/wasm-util@0.10.1", "", { "dependencies": { "tslib": "^2.4.0" } }, "sha512-9tTaPJLSiejZKx+Bmog4uSubteqTvFrVrURwkmHixBo0G4seD0zUxp98E1DzUBJxLQ3NPwXrGKDiVjwx/DpPsg=="],
  }
}
